
Microsoft Visual Studio Solution File, Format Version 12.00
# Visual Studio Version 17
VisualStudioVersion = 17.11.35327.3
MinimumVisualStudioVersion = 10.0.40219.1
Project("{FAE04EC0-301F-11D3-BF4B-00C04F79EFBC}") = "ws.chatclient", "ws.chatclient\ws.chatclient.csproj", "{DF7D1405-B193-416B-B018-86B22199F112}"
EndProject
Global
	GlobalSection(SolutionConfigurationPlatforms) = preSolution
		Debug|Any CPU = Debug|Any CPU
		Release|Any CPU = Release|Any CPU
	EndGlobalSection
	GlobalSection(ProjectConfigurationPlatforms) = postSolution
		{DF7D1405-B193-416B-B018-86B22199F112}.Debug|Any CPU.ActiveCfg = Debug|Any CPU
		{DF7D1405-B193-416B-B018-86B22199F112}.Debug|Any CPU.Build.0 = Debug|Any CPU
		{DF7D1405-B193-416B-B018-86B22199F112}.Release|Any CPU.ActiveCfg = Release|Any CPU
		{DF7D1405-B193-416B-B018-86B22199F112}.Release|Any CPU.Build.0 = Release|Any CPU
	EndGlobalSection
	GlobalSection(SolutionProperties) = preSolution
		HideSolutionNode = FALSE
	EndGlobalSection
	GlobalSection(ExtensibilityGlobals) = postSolution
		SolutionGuid = {CD114291-F9F3-4534-A5F6-22DD9E89F44B}
	EndGlobalSection
EndGlobal
