
Microsoft Visual Studio Solution File, Format Version 12.00
# Visual Studio Version 17
VisualStudioVersion = 17.11.35327.3
MinimumVisualStudioVersion = 10.0.40219.1
Project("{9A19103F-16F7-4668-BE54-9A1E7A4F7556}") = "ws.chatapp", "ws.chatroom\ws.chatapp.csproj", "{C50DED82-6D66-45A1-816F-922526C7244A}"
EndProject
Project("{E53339B2-1760-4266-BCC7-CA923CBCF16C}") = "docker-compose", "docker-compose.dcproj", "{0755954D-A6C7-4964-BA9D-F4E2F56C37B2}"
EndProject
Global
	GlobalSection(SolutionConfigurationPlatforms) = preSolution
		Debug|Any CPU = Debug|Any CPU
		Release|Any CPU = Release|Any CPU
	EndGlobalSection
	GlobalSection(ProjectConfigurationPlatforms) = postSolution
		{C50DED82-6D66-45A1-816F-922526C7244A}.Debug|Any CPU.ActiveCfg = Debug|Any CPU
		{C50DED82-6D66-45A1-816F-922526C7244A}.Debug|Any CPU.Build.0 = Debug|Any CPU
		{C50DED82-6D66-45A1-816F-922526C7244A}.Release|Any CPU.ActiveCfg = Release|Any CPU
		{C50DED82-6D66-45A1-816F-922526C7244A}.Release|Any CPU.Build.0 = Release|Any CPU
		{0755954D-A6C7-4964-BA9D-F4E2F56C37B2}.Debug|Any CPU.ActiveCfg = Debug|Any CPU
		{0755954D-A6C7-4964-BA9D-F4E2F56C37B2}.Debug|Any CPU.Build.0 = Debug|Any CPU
		{0755954D-A6C7-4964-BA9D-F4E2F56C37B2}.Release|Any CPU.ActiveCfg = Release|Any CPU
		{0755954D-A6C7-4964-BA9D-F4E2F56C37B2}.Release|Any CPU.Build.0 = Release|Any CPU
	EndGlobalSection
	GlobalSection(SolutionProperties) = preSolution
		HideSolutionNode = FALSE
	EndGlobalSection
	GlobalSection(ExtensibilityGlobals) = postSolution
		SolutionGuid = {DE0E1460-B179-40D3-AB22-C26C4D47A6D3}
	EndGlobalSection
EndGlobal
